
Microsoft Visual Studio Solution File, Format Version 12.00
# Visual Studio Version 16
VisualStudioVersion = 16.0.30907.101
MinimumVisualStudioVersion = 10.0.40219.1
Project("{FAE04EC0-301F-11D3-BF4B-00C04F79EFBC}") = "AppOficial", "AppOficial.csproj", "{8FFB4952-06B4-4CEF-8B82-94CF94228D0D}"
EndProject
Global
	GlobalSection(SolutionConfigurationPlatforms) = preSolution
		Debug|Any CPU = Debug|Any CPU
		Release|Any CPU = Release|Any CPU
	EndGlobalSection
	GlobalSection(ProjectConfigurationPlatforms) = postSolution
		{8FFB4952-06B4-4CEF-8B82-94CF94228D0D}.Debug|Any CPU.ActiveCfg = Debug|Any CPU
		{8FFB4952-06B4-4CEF-8B82-94CF94228D0D}.Debug|Any CPU.Build.0 = Debug|Any CPU
		{8FFB4952-06B4-4CEF-8B82-94CF94228D0D}.Release|Any CPU.ActiveCfg = Release|Any CPU
		{8FFB4952-06B4-4CEF-8B82-94CF94228D0D}.Release|Any CPU.Build.0 = Release|Any CPU
	EndGlobalSection
	GlobalSection(SolutionProperties) = preSolution
		HideSolutionNode = FALSE
	EndGlobalSection
	GlobalSection(ExtensibilityGlobals) = postSolution
		SolutionGuid = {E99D6472-C1B8-4644-9BD2-98E53CB31105}
	EndGlobalSection
EndGlobal
